{
  "name": "@bcwdev/quickvue",
  "version": "0.0.9",
  "lockfileVersion": 1,
  "requires": true,
  "dependencies": {
    "lightpath": {
      "version": "0.0.3",
      "resolved": "https://registry.npmjs.org/lightpath/-/lightpath-0.0.3.tgz",
      "integrity": "sha512-ByzVMBn0erJXtNEd0FtfHSXKRMn7GMn+jEooY3iqfRlW3tvLtNelEwRcf1jqmB2J3MwSHdPJ0o0Gyih3hG+Eog=="
    },
    "sweetalert2": {
      "version": "9.7.0",
      "resolved": "https://registry.npmjs.org/sweetalert2/-/sweetalert2-9.7.0.tgz",
      "integrity": "sha512-oGGj9hzl/HFx5I33VQyuYCIr3O1HBpQWB10MGYgzbc/3YWKaViH26U1eqq1N+5wtNlviscRBu+4vhSC/237THw=="
    }
  }
}
